
Microsoft Visual Studio Solution File, Format Version 12.00
# Visual Studio Version 17
VisualStudioVersion = 17.1.32210.238
MinimumVisualStudioVersion = 10.0.40219.1
Project("{FAE04EC0-301F-11D3-BF4B-00C04F79EFBC}") = "BlazorJsInterop", "BlazorJsInterop\BlazorJsInterop.csproj", "{D01D341C-16F9-488C-B8A8-92AC43D7DE4A}"
EndProject
Global
	GlobalSection(SolutionConfigurationPlatforms) = preSolution
		Debug|Any CPU = Debug|Any CPU
		Release|Any CPU = Release|Any CPU
	EndGlobalSection
	GlobalSection(ProjectConfigurationPlatforms) = postSolution
		{D01D341C-16F9-488C-B8A8-92AC43D7DE4A}.Debug|Any CPU.ActiveCfg = Debug|Any CPU
		{D01D341C-16F9-488C-B8A8-92AC43D7DE4A}.Debug|Any CPU.Build.0 = Debug|Any CPU
		{D01D341C-16F9-488C-B8A8-92AC43D7DE4A}.Release|Any CPU.ActiveCfg = Release|Any CPU
		{D01D341C-16F9-488C-B8A8-92AC43D7DE4A}.Release|Any CPU.Build.0 = Release|Any CPU
	EndGlobalSection
	GlobalSection(SolutionProperties) = preSolution
		HideSolutionNode = FALSE
	EndGlobalSection
	GlobalSection(ExtensibilityGlobals) = postSolution
		SolutionGuid = {2F7D5353-9E2D-43E6-9FBB-B92DC307843B}
	EndGlobalSection
EndGlobal
